
Microsoft Visual Studio Solution File, Format Version 12.00
Project("{FAE04EC0-301F-11D3-BF4B-00C04F79EFBC}") = "ShopManagement.API", "ShopManagement.API\ShopManagement.API.csproj", "{7FE7DC4B-4AF4-48C2-BE62-855242E5672E}"
EndProject
Project("{FAE04EC0-301F-11D3-BF4B-00C04F79EFBC}") = "ShopManagement.Core", "ShopManagement.Core\ShopManagement.Core.csproj", "{BB806DAA-10FF-405A-AE04-8A3097713E95}"
EndProject
Project("{FAE04EC0-301F-11D3-BF4B-00C04F79EFBC}") = "ShopManagement.Infrastructure", "ShopManagement.Infrastructure\ShopManagement.Infrastructure.csproj", "{EB1D707A-F5E2-4C41-92D0-A0069F2F0377}"
EndProject
Project("{FAE04EC0-301F-11D3-BF4B-00C04F79EFBC}") = "ShopManagement.Logic", "ShopManagement.Logic\ShopManagement.Logic.csproj", "{18D69C7C-43F3-46FF-808D-1D7F89D26F52}"
EndProject
Global
	GlobalSection(SolutionConfigurationPlatforms) = preSolution
		Debug|Any CPU = Debug|Any CPU
		Release|Any CPU = Release|Any CPU
	EndGlobalSection
	GlobalSection(ProjectConfigurationPlatforms) = postSolution
		{7FE7DC4B-4AF4-48C2-BE62-855242E5672E}.Debug|Any CPU.ActiveCfg = Debug|Any CPU
		{7FE7DC4B-4AF4-48C2-BE62-855242E5672E}.Debug|Any CPU.Build.0 = Debug|Any CPU
		{7FE7DC4B-4AF4-48C2-BE62-855242E5672E}.Release|Any CPU.ActiveCfg = Release|Any CPU
		{7FE7DC4B-4AF4-48C2-BE62-855242E5672E}.Release|Any CPU.Build.0 = Release|Any CPU
		{BB806DAA-10FF-405A-AE04-8A3097713E95}.Debug|Any CPU.ActiveCfg = Debug|Any CPU
		{BB806DAA-10FF-405A-AE04-8A3097713E95}.Debug|Any CPU.Build.0 = Debug|Any CPU
		{BB806DAA-10FF-405A-AE04-8A3097713E95}.Release|Any CPU.ActiveCfg = Release|Any CPU
		{BB806DAA-10FF-405A-AE04-8A3097713E95}.Release|Any CPU.Build.0 = Release|Any CPU
		{EB1D707A-F5E2-4C41-92D0-A0069F2F0377}.Debug|Any CPU.ActiveCfg = Debug|Any CPU
		{EB1D707A-F5E2-4C41-92D0-A0069F2F0377}.Debug|Any CPU.Build.0 = Debug|Any CPU
		{EB1D707A-F5E2-4C41-92D0-A0069F2F0377}.Release|Any CPU.ActiveCfg = Release|Any CPU
		{EB1D707A-F5E2-4C41-92D0-A0069F2F0377}.Release|Any CPU.Build.0 = Release|Any CPU
		{18D69C7C-43F3-46FF-808D-1D7F89D26F52}.Debug|Any CPU.ActiveCfg = Debug|Any CPU
		{18D69C7C-43F3-46FF-808D-1D7F89D26F52}.Debug|Any CPU.Build.0 = Debug|Any CPU
		{18D69C7C-43F3-46FF-808D-1D7F89D26F52}.Release|Any CPU.ActiveCfg = Release|Any CPU
		{18D69C7C-43F3-46FF-808D-1D7F89D26F52}.Release|Any CPU.Build.0 = Release|Any CPU
	EndGlobalSection
EndGlobal
